{
  "requires": true,
  "lockfileVersion": 1,
  "dependencies": {
    "jquery.facedetection": {
      "version": "2.0.3",
      "resolved": "https://registry.npmjs.org/jquery.facedetection/-/jquery.facedetection-2.0.3.tgz",
      "integrity": "sha512-J/iyeDnQ7NXQSM0BWI1UHuoBMc9SdNRpcqUAOAzlD+7vVMJP5G8ozVBFmYoivIdknaHS8xyO4sRdHfuQFhwTZw=="
    }
  }
}
